
Microsoft Visual Studio Solution File, Format Version 12.00
# Visual Studio Version 16
VisualStudioVersion = 16.0.29728.190
MinimumVisualStudioVersion = 10.0.40219.1
Project("{FAE04EC0-301F-11D3-BF4B-00C04F79EFBC}") = "AutomaticMiner", "AutomaticMiner\AutomaticMiner.csproj", "{2FCCD88A-47D3-4B30-839D-C30984A4F8D3}"
EndProject
Global
	GlobalSection(SolutionConfigurationPlatforms) = preSolution
		Debug|x64 = Debug|x64
	EndGlobalSection
	GlobalSection(ProjectConfigurationPlatforms) = postSolution
		{2FCCD88A-47D3-4B30-839D-C30984A4F8D3}.Debug|x64.ActiveCfg = Debug|x64
		{2FCCD88A-47D3-4B30-839D-C30984A4F8D3}.Debug|x64.Build.0 = Debug|x64
	EndGlobalSection
	GlobalSection(SolutionProperties) = preSolution
		HideSolutionNode = FALSE
	EndGlobalSection
	GlobalSection(ExtensibilityGlobals) = postSolution
		SolutionGuid = {B00A7F15-FDFA-4352-B54F-CBA742C43B3B}
	EndGlobalSection
EndGlobal
